
Microsoft Visual Studio Solution File, Format Version 12.00
# Visual Studio Version 16
VisualStudioVersion = 16.0.32630.194
MinimumVisualStudioVersion = 10.0.40219.1
Project("{FAE04EC0-301F-11D3-BF4B-00C04F79EFBC}") = "KaraokeDesktop", "KaraokeDesktop.csproj", "{815CBB66-A9FB-4C7B-BB02-EA016E613D3A}"
EndProject
Project("{FAE04EC0-301F-11D3-BF4B-00C04F79EFBC}") = "Datos", "Datos\Datos.csproj", "{3F82C132-3D83-44AE-A625-0B53A00087A0}"
EndProject
Project("{FAE04EC0-301F-11D3-BF4B-00C04F79EFBC}") = "Logica", "Logica\Logica.csproj", "{A7A42FBC-B00F-4DEA-A8E0-E28A3A16C4CF}"
EndProject
Global
	GlobalSection(SolutionConfigurationPlatforms) = preSolution
		Debug|Any CPU = Debug|Any CPU
		Release|Any CPU = Release|Any CPU
	EndGlobalSection
	GlobalSection(ProjectConfigurationPlatforms) = postSolution
		{815CBB66-A9FB-4C7B-BB02-EA016E613D3A}.Debug|Any CPU.ActiveCfg = Debug|Any CPU
		{815CBB66-A9FB-4C7B-BB02-EA016E613D3A}.Debug|Any CPU.Build.0 = Debug|Any CPU
		{815CBB66-A9FB-4C7B-BB02-EA016E613D3A}.Release|Any CPU.ActiveCfg = Release|Any CPU
		{815CBB66-A9FB-4C7B-BB02-EA016E613D3A}.Release|Any CPU.Build.0 = Release|Any CPU
		{3F82C132-3D83-44AE-A625-0B53A00087A0}.Debug|Any CPU.ActiveCfg = Debug|Any CPU
		{3F82C132-3D83-44AE-A625-0B53A00087A0}.Debug|Any CPU.Build.0 = Debug|Any CPU
		{3F82C132-3D83-44AE-A625-0B53A00087A0}.Release|Any CPU.ActiveCfg = Release|Any CPU
		{3F82C132-3D83-44AE-A625-0B53A00087A0}.Release|Any CPU.Build.0 = Release|Any CPU
		{A7A42FBC-B00F-4DEA-A8E0-E28A3A16C4CF}.Debug|Any CPU.ActiveCfg = Debug|Any CPU
		{A7A42FBC-B00F-4DEA-A8E0-E28A3A16C4CF}.Debug|Any CPU.Build.0 = Debug|Any CPU
		{A7A42FBC-B00F-4DEA-A8E0-E28A3A16C4CF}.Release|Any CPU.ActiveCfg = Release|Any CPU
		{A7A42FBC-B00F-4DEA-A8E0-E28A3A16C4CF}.Release|Any CPU.Build.0 = Release|Any CPU
	EndGlobalSection
	GlobalSection(SolutionProperties) = preSolution
		HideSolutionNode = FALSE
	EndGlobalSection
	GlobalSection(ExtensibilityGlobals) = postSolution
		SolutionGuid = {FC6B35F8-6D68-4467-AE35-88397A4F47EB}
	EndGlobalSection
EndGlobal
